
Microsoft Visual Studio Solution File, Format Version 12.00
# Visual Studio Version 16
VisualStudioVersion = 16.0.29613.14
MinimumVisualStudioVersion = 10.0.40219.1
Project("{FAE04EC0-301F-11D3-BF4B-00C04F79EFBC}") = "FarmManager", "FarmManager\FarmManager.csproj", "{9861F44B-C008-4B12-A204-C4026CE94C13}"
EndProject
Global
	GlobalSection(SolutionConfigurationPlatforms) = preSolution
		Debug|Any CPU = Debug|Any CPU
		Release|Any CPU = Release|Any CPU
	EndGlobalSection
	GlobalSection(ProjectConfigurationPlatforms) = postSolution
		{9861F44B-C008-4B12-A204-C4026CE94C13}.Debug|Any CPU.ActiveCfg = Debug|Any CPU
		{9861F44B-C008-4B12-A204-C4026CE94C13}.Debug|Any CPU.Build.0 = Debug|Any CPU
		{9861F44B-C008-4B12-A204-C4026CE94C13}.Release|Any CPU.ActiveCfg = Release|Any CPU
		{9861F44B-C008-4B12-A204-C4026CE94C13}.Release|Any CPU.Build.0 = Release|Any CPU
	EndGlobalSection
	GlobalSection(SolutionProperties) = preSolution
		HideSolutionNode = FALSE
	EndGlobalSection
	GlobalSection(ExtensibilityGlobals) = postSolution
		SolutionGuid = {2A148826-0E11-42FC-A69A-ECA24F99513E}
	EndGlobalSection
EndGlobal
